{
  "originHash" : "bddedb1b0ef9984b2ede16565a72594065f1e68c7d1ee3deb1dee8d3db5a8694",
  "pins" : [
    {
      "identity" : "harmoniacore-swift",
      "kind" : "remoteSourceControl",
      "location" : "https://github.com/OneOfWolvesBilly/HarmoniaCore-Swift.git",
      "state" : {
        "revision" : "b4624987ab91a4c6a1cccc8c6285030f67510840"
      }
    }
  ],
  "version" : 3
}
