{
  "originHash" : "bddedb1b0ef9984b2ede16565a72594065f1e68c7d1ee3deb1dee8d3db5a8694",
  "pins" : [
    {
      "identity" : "harmoniacore-swift",
      "kind" : "remoteSourceControl",
      "location" : "https://github.com/OneOfWolvesBilly/HarmoniaCore-Swift.git",
      "state" : {
        "revision" : "213cf20b5e788aa660ca42a90c2e723240e2e0e5"
      }
    }
  ],
  "version" : 3
}
